
Microsoft Visual Studio Solution File, Format Version 12.00
# Visual Studio Version 17
VisualStudioVersion = 17.7.34221.43
MinimumVisualStudioVersion = 10.0.40219.1
Project("{FAE04EC0-301F-11D3-BF4B-00C04F79EFBC}") = "SailsServer", "SailsServer.csproj", "{D16BB698-FEBA-49DF-A233-4BFDB9AD86ED}"
EndProject
Global
	GlobalSection(SolutionConfigurationPlatforms) = preSolution
		Debug|Any CPU = Debug|Any CPU
		Release|Any CPU = Release|Any CPU
	EndGlobalSection
	GlobalSection(ProjectConfigurationPlatforms) = postSolution
		{D16BB698-FEBA-49DF-A233-4BFDB9AD86ED}.Debug|Any CPU.ActiveCfg = Debug|Any CPU
		{D16BB698-FEBA-49DF-A233-4BFDB9AD86ED}.Debug|Any CPU.Build.0 = Debug|Any CPU
		{D16BB698-FEBA-49DF-A233-4BFDB9AD86ED}.Release|Any CPU.ActiveCfg = Release|Any CPU
		{D16BB698-FEBA-49DF-A233-4BFDB9AD86ED}.Release|Any CPU.Build.0 = Release|Any CPU
	EndGlobalSection
	GlobalSection(SolutionProperties) = preSolution
		HideSolutionNode = FALSE
	EndGlobalSection
	GlobalSection(ExtensibilityGlobals) = postSolution
		SolutionGuid = {4374A248-41DD-478B-B004-6E27DF2B7186}
	EndGlobalSection
EndGlobal
